{
  "name": "thesis",
  "lockfileVersion": 2,
  "requires": true,
  "packages": {
    "": {
      "dependencies": {
        "gridjs": "^5.0.2",
        "gridjs-svelte": "^2.1.1",
        "svelte-simple-datatables": "^0.2.3"
      }
    },
    "node_modules/gridjs": {
      "version": "5.0.2",
      "resolved": "https://registry.npmjs.org/gridjs/-/gridjs-5.0.2.tgz",
      "integrity": "sha512-7EaMc4/IhqRcSbdOYvHOlHETciWmbbhMU6rDr2e0UfzIXSkb7X3Lhf9+bGv+v4JaWnJW5GBillgIIHrAvIIoFg==",
      "dependencies": {
        "preact": "^10.5.12",
        "tslib": "^2.0.1"
      }
    },
    "node_modules/gridjs-svelte": {
      "version": "2.1.1",
      "resolved": "https://registry.npmjs.org/gridjs-svelte/-/gridjs-svelte-2.1.1.tgz",
      "integrity": "sha512-tYkgdqNKSnfmAYYc8EP4axn/Xlugp7VLwAlpNkP4SBLHHYD/ejD2DJ+FMatDNqcJ1Z1kuMnJWO+VBcAOirEByw==",
      "peerDependencies": {
        "gridjs": ">=5.0.0",
        "svelte": ">=3.30.0"
      }
    },
    "node_modules/preact": {
      "version": "10.9.0",
      "resolved": "https://registry.npmjs.org/preact/-/preact-10.9.0.tgz",
      "integrity": "sha512-jO6/OvCRL+OT8gst/+Q2ir7dMybZAX8ioP02Zmzh3BkQMHLyqZSujvxbUriXvHi8qmhcHKC2Gwbog6Kt+YTh+Q==",
      "funding": {
        "type": "opencollective",
        "url": "https://opencollective.com/preact"
      }
    },
    "node_modules/svelte": {
      "version": "3.49.0",
      "resolved": "https://registry.npmjs.org/svelte/-/svelte-3.49.0.tgz",
      "integrity": "sha512-+lmjic1pApJWDfPCpUUTc1m8azDqYCG1JN9YEngrx/hUyIcFJo6VZhj0A1Ai0wqoHcEIuQy+e9tk+4uDgdtsFA==",
      "peer": true,
      "engines": {
        "node": ">= 8"
      }
    },
    "node_modules/svelte-simple-datatables": {
      "version": "0.2.3",
      "resolved": "https://registry.npmjs.org/svelte-simple-datatables/-/svelte-simple-datatables-0.2.3.tgz",
      "integrity": "sha512-WsWbB66KzvpYN9r9WpRgXthGejsH2QFJfoRw/ssKw81Fn659IBMVzAZtOojR5mgEDZ2j24j4BJvoThcH8DXxwA=="
    },
    "node_modules/tslib": {
      "version": "2.4.0",
      "resolved": "https://registry.npmjs.org/tslib/-/tslib-2.4.0.tgz",
      "integrity": "sha512-d6xOpEDfsi2CZVlPQzGeux8XMwLT9hssAsaPYExaQMuYskwb+x1x7J371tWlbBdWHroy99KnVB6qIkUbs5X3UQ=="
    }
  },
  "dependencies": {
    "gridjs": {
      "version": "5.0.2",
      "resolved": "https://registry.npmjs.org/gridjs/-/gridjs-5.0.2.tgz",
      "integrity": "sha512-7EaMc4/IhqRcSbdOYvHOlHETciWmbbhMU6rDr2e0UfzIXSkb7X3Lhf9+bGv+v4JaWnJW5GBillgIIHrAvIIoFg==",
      "requires": {
        "preact": "^10.5.12",
        "tslib": "^2.0.1"
      }
    },
    "gridjs-svelte": {
      "version": "2.1.1",
      "resolved": "https://registry.npmjs.org/gridjs-svelte/-/gridjs-svelte-2.1.1.tgz",
      "integrity": "sha512-tYkgdqNKSnfmAYYc8EP4axn/Xlugp7VLwAlpNkP4SBLHHYD/ejD2DJ+FMatDNqcJ1Z1kuMnJWO+VBcAOirEByw==",
      "requires": {}
    },
    "preact": {
      "version": "10.9.0",
      "resolved": "https://registry.npmjs.org/preact/-/preact-10.9.0.tgz",
      "integrity": "sha512-jO6/OvCRL+OT8gst/+Q2ir7dMybZAX8ioP02Zmzh3BkQMHLyqZSujvxbUriXvHi8qmhcHKC2Gwbog6Kt+YTh+Q=="
    },
    "svelte": {
      "version": "3.49.0",
      "resolved": "https://registry.npmjs.org/svelte/-/svelte-3.49.0.tgz",
      "integrity": "sha512-+lmjic1pApJWDfPCpUUTc1m8azDqYCG1JN9YEngrx/hUyIcFJo6VZhj0A1Ai0wqoHcEIuQy+e9tk+4uDgdtsFA==",
      "peer": true
    },
    "svelte-simple-datatables": {
      "version": "0.2.3",
      "resolved": "https://registry.npmjs.org/svelte-simple-datatables/-/svelte-simple-datatables-0.2.3.tgz",
      "integrity": "sha512-WsWbB66KzvpYN9r9WpRgXthGejsH2QFJfoRw/ssKw81Fn659IBMVzAZtOojR5mgEDZ2j24j4BJvoThcH8DXxwA=="
    },
    "tslib": {
      "version": "2.4.0",
      "resolved": "https://registry.npmjs.org/tslib/-/tslib-2.4.0.tgz",
      "integrity": "sha512-d6xOpEDfsi2CZVlPQzGeux8XMwLT9hssAsaPYExaQMuYskwb+x1x7J371tWlbBdWHroy99KnVB6qIkUbs5X3UQ=="
    }
  }
}
